
Microsoft Visual Studio Solution File, Format Version 12.00
# Visual Studio Version 17
VisualStudioVersion = 17.6.33815.320
MinimumVisualStudioVersion = 10.0.40219.1
Project("{9A19103F-16F7-4668-BE54-9A1E7A4F7556}") = "SWMS.Influx.Module", "SWMS.Influx.Module.csproj", "{77AF53B6-88F4-45B6-9A8D-2B4C99B380B2}"
EndProject
Global
	GlobalSection(SolutionConfigurationPlatforms) = preSolution
		Debug|Any CPU = Debug|Any CPU
		EasyTest|Any CPU = EasyTest|Any CPU
		Release|Any CPU = Release|Any CPU
	EndGlobalSection
	GlobalSection(ProjectConfigurationPlatforms) = postSolution
		{77AF53B6-88F4-45B6-9A8D-2B4C99B380B2}.Debug|Any CPU.ActiveCfg = Debug|Any CPU
		{77AF53B6-88F4-45B6-9A8D-2B4C99B380B2}.Debug|Any CPU.Build.0 = Debug|Any CPU
		{77AF53B6-88F4-45B6-9A8D-2B4C99B380B2}.EasyTest|Any CPU.ActiveCfg = EasyTest|Any CPU
		{77AF53B6-88F4-45B6-9A8D-2B4C99B380B2}.EasyTest|Any CPU.Build.0 = EasyTest|Any CPU
		{77AF53B6-88F4-45B6-9A8D-2B4C99B380B2}.Release|Any CPU.ActiveCfg = Release|Any CPU
		{77AF53B6-88F4-45B6-9A8D-2B4C99B380B2}.Release|Any CPU.Build.0 = Release|Any CPU
	EndGlobalSection
	GlobalSection(SolutionProperties) = preSolution
		HideSolutionNode = FALSE
	EndGlobalSection
	GlobalSection(ExtensibilityGlobals) = postSolution
		SolutionGuid = {80309777-D41F-4EA8-8305-E0745A28E5BE}
	EndGlobalSection
EndGlobal
